
Microsoft Visual Studio Solution File, Format Version 12.00
# Visual Studio Version 17
VisualStudioVersion = 17.14.36511.14 d17.14
MinimumVisualStudioVersion = 10.0.40219.1
Project("{8BC9CEB8-8B4A-11D0-8D11-00A0C91BC942}") = "Registry", "Registry.vcxproj", "{B8BB1DDE-636F-463F-93E1-53AAC7576DE7}"
EndProject
Global
	GlobalSection(SolutionConfigurationPlatforms) = preSolution
		Debug|x64 = Debug|x64
		Debug|x86 = Debug|x86
		Release|x64 = Release|x64
		Release|x86 = Release|x86
	EndGlobalSection
	GlobalSection(ProjectConfigurationPlatforms) = postSolution
		{B8BB1DDE-636F-463F-93E1-53AAC7576DE7}.Debug|x64.ActiveCfg = Debug|x64
		{B8BB1DDE-636F-463F-93E1-53AAC7576DE7}.Debug|x64.Build.0 = Debug|x64
		{B8BB1DDE-636F-463F-93E1-53AAC7576DE7}.Debug|x86.ActiveCfg = Debug|Win32
		{B8BB1DDE-636F-463F-93E1-53AAC7576DE7}.Debug|x86.Build.0 = Debug|Win32
		{B8BB1DDE-636F-463F-93E1-53AAC7576DE7}.Release|x64.ActiveCfg = Release|x64
		{B8BB1DDE-636F-463F-93E1-53AAC7576DE7}.Release|x64.Build.0 = Release|x64
		{B8BB1DDE-636F-463F-93E1-53AAC7576DE7}.Release|x86.ActiveCfg = Release|Win32
		{B8BB1DDE-636F-463F-93E1-53AAC7576DE7}.Release|x86.Build.0 = Release|Win32
	EndGlobalSection
	GlobalSection(SolutionProperties) = preSolution
		HideSolutionNode = FALSE
	EndGlobalSection
	GlobalSection(ExtensibilityGlobals) = postSolution
		SolutionGuid = {D48500F1-A897-486C-A35C-38B70EB49CA6}
	EndGlobalSection
EndGlobal
